
Microsoft Visual Studio Solution File, Format Version 12.00
# Visual Studio Version 17
VisualStudioVersion = 17.11.35303.130
MinimumVisualStudioVersion = 10.0.40219.1
Project("{9A19103F-16F7-4668-BE54-9A1E7A4F7556}") = "ej1", "ej1\ej1.csproj", "{515E92D8-3EA8-4E86-AAA7-374392947C5F}"
EndProject
Project("{9A19103F-16F7-4668-BE54-9A1E7A4F7556}") = "ej2", "ej2\ej2.csproj", "{41E2A298-F603-43C9-A1BF-1E6BE0C96E2D}"
EndProject
Project("{9A19103F-16F7-4668-BE54-9A1E7A4F7556}") = "ej3", "ej3\ej3.csproj", "{80C917BD-DD6D-4FB1-AAE6-E7D22DAA4849}"
EndProject
Project("{FAE04EC0-301F-11D3-BF4B-00C04F79EFBC}") = "ej6", "ej6\ej6.csproj", "{6C6B3716-7C53-4F77-9B96-6190C0F40150}"
EndProject
Global
	GlobalSection(SolutionConfigurationPlatforms) = preSolution
		Debug|Any CPU = Debug|Any CPU
		Release|Any CPU = Release|Any CPU
	EndGlobalSection
	GlobalSection(ProjectConfigurationPlatforms) = postSolution
		{515E92D8-3EA8-4E86-AAA7-374392947C5F}.Debug|Any CPU.ActiveCfg = Debug|Any CPU
		{515E92D8-3EA8-4E86-AAA7-374392947C5F}.Debug|Any CPU.Build.0 = Debug|Any CPU
		{515E92D8-3EA8-4E86-AAA7-374392947C5F}.Release|Any CPU.ActiveCfg = Release|Any CPU
		{515E92D8-3EA8-4E86-AAA7-374392947C5F}.Release|Any CPU.Build.0 = Release|Any CPU
		{41E2A298-F603-43C9-A1BF-1E6BE0C96E2D}.Debug|Any CPU.ActiveCfg = Debug|Any CPU
		{41E2A298-F603-43C9-A1BF-1E6BE0C96E2D}.Debug|Any CPU.Build.0 = Debug|Any CPU
		{41E2A298-F603-43C9-A1BF-1E6BE0C96E2D}.Release|Any CPU.ActiveCfg = Release|Any CPU
		{41E2A298-F603-43C9-A1BF-1E6BE0C96E2D}.Release|Any CPU.Build.0 = Release|Any CPU
		{80C917BD-DD6D-4FB1-AAE6-E7D22DAA4849}.Debug|Any CPU.ActiveCfg = Debug|Any CPU
		{80C917BD-DD6D-4FB1-AAE6-E7D22DAA4849}.Debug|Any CPU.Build.0 = Debug|Any CPU
		{80C917BD-DD6D-4FB1-AAE6-E7D22DAA4849}.Release|Any CPU.ActiveCfg = Release|Any CPU
		{80C917BD-DD6D-4FB1-AAE6-E7D22DAA4849}.Release|Any CPU.Build.0 = Release|Any CPU
		{6C6B3716-7C53-4F77-9B96-6190C0F40150}.Debug|Any CPU.ActiveCfg = Debug|Any CPU
		{6C6B3716-7C53-4F77-9B96-6190C0F40150}.Debug|Any CPU.Build.0 = Debug|Any CPU
		{6C6B3716-7C53-4F77-9B96-6190C0F40150}.Release|Any CPU.ActiveCfg = Release|Any CPU
		{6C6B3716-7C53-4F77-9B96-6190C0F40150}.Release|Any CPU.Build.0 = Release|Any CPU
	EndGlobalSection
	GlobalSection(SolutionProperties) = preSolution
		HideSolutionNode = FALSE
	EndGlobalSection
	GlobalSection(ExtensibilityGlobals) = postSolution
		SolutionGuid = {6A17C2FA-47B6-4B0B-B78E-290C910BC498}
	EndGlobalSection
EndGlobal
